// !$*UTF8*$!
{
	archiveVersion = 1;
	classes = {
	};
	objectVersion = 50;
	objects = {

/* Begin PBXBuildFile section */
		7010D79D2325BDB0006CA639 /* worldwide.svg in Resources */ = {isa = PBXBuildFile; fileRef = 7010D79C2325BDB0006CA639 /* worldwide.svg */; };
		7010D7AE232721AB006CA639 /* worldwide.png in Resources */ = {isa = PBXBuildFile; fileRef = 7010D7AB232721AB006CA639 /* worldwide.png */; };
		7010D7AF232721AB006CA639 /* plus.png in Resources */ = {isa = PBXBuildFile; fileRef = 7010D7AC232721AB006CA639 /* plus.png */; };
		7010D7B0232721AB006CA639 /* gps.png in Resources */ = {isa = PBXBuildFile; fileRef = 7010D7AD232721AB006CA639 /* gps.png */; };
		709F5E8D232451D400AC497F /* AppDelegate.swift in Sources */ = {isa = PBXBuildFile; fileRef = 709F5E8C232451D400AC497F /* AppDelegate.swift */; };
		709F5E8F232451D400AC497F /* ItemsViewController.swift in Sources */ = {isa = PBXBuildFile; fileRef = 709F5E8E232451D400AC497F /* ItemsViewController.swift */; };
		709F5E92232451D400AC497F /* Main.storyboard in Resources */ = {isa = PBXBuildFile; fileRef = 709F5E90232451D400AC497F /* Main.storyboard */; };
		709F5E94232451D600AC497F /* Assets.xcassets in Resources */ = {isa = PBXBuildFile; fileRef = 709F5E93232451D600AC497F /* Assets.xcassets */; };
		709F5E97232451D600AC497F /* LaunchScreen.storyboard in Resources */ = {isa = PBXBuildFile; fileRef = 709F5E95232451D600AC497F /* LaunchScreen.storyboard */; };
		709F5EA12324681900AC497F /* ItemCell.swift in Sources */ = {isa = PBXBuildFile; fileRef = 709F5EA02324681900AC497F /* ItemCell.swift */; };
		709F5EA32324698E00AC497F /* Api.swift in Sources */ = {isa = PBXBuildFile; fileRef = 709F5EA22324698E00AC497F /* Api.swift */; };
		709F5EA523246B0200AC497F /* DetailViewController.swift in Sources */ = {isa = PBXBuildFile; fileRef = 709F5EA423246B0200AC497F /* DetailViewController.swift */; };
		709F5EA923248C8C00AC497F /* DetailCell.swift in Sources */ = {isa = PBXBuildFile; fileRef = 709F5EA823248C8C00AC497F /* DetailCell.swift */; };
		709F5EAF2324968700AC497F /* CustomButton.swift in Sources */ = {isa = PBXBuildFile; fileRef = 709F5EAE2324968700AC497F /* CustomButton.swift */; };
		709F5EB123251EEC00AC497F /* TabBarViewController.swift in Sources */ = {isa = PBXBuildFile; fileRef = 709F5EB023251EEC00AC497F /* TabBarViewController.swift */; };
		709F5EB32325232900AC497F /* UIView+decoration.swift in Sources */ = {isa = PBXBuildFile; fileRef = 709F5EB22325232900AC497F /* UIView+decoration.swift */; };
/* End PBXBuildFile section */

/* Begin PBXFileReference section */
		7010D79C2325BDB0006CA639 /* worldwide.svg */ = {isa = PBXFileReference; fileEncoding = 4; lastKnownFileType = text.xml; name = worldwide.svg; path = ../../../../Downloads/worldwide.svg; sourceTree = "<group>"; };
		7010D7AB232721AB006CA639 /* worldwide.png */ = {isa = PBXFileReference; lastKnownFileType = image.png; path = worldwide.png; sourceTree = "<group>"; };
		7010D7AC232721AB006CA639 /* plus.png */ = {isa = PBXFileReference; lastKnownFileType = image.png; path = plus.png; sourceTree = "<group>"; };
		7010D7AD232721AB006CA639 /* gps.png */ = {isa = PBXFileReference; lastKnownFileType = image.png; path = gps.png; sourceTree = "<group>"; };
		709F5E89232451D400AC497F /* Smart Buys.app */ = {isa = PBXFileReference; explicitFileType = wrapper.application; includeInIndex = 0; path = "Smart Buys.app"; sourceTree = BUILT_PRODUCTS_DIR; };
		709F5E8C232451D400AC497F /* AppDelegate.swift */ = {isa = PBXFileReference; lastKnownFileType = sourcecode.swift; path = AppDelegate.swift; sourceTree = "<group>"; };
		709F5E8E232451D400AC497F /* ItemsViewController.swift */ = {isa = PBXFileReference; lastKnownFileType = sourcecode.swift; path = ItemsViewController.swift; sourceTree = "<group>"; };
		709F5E91232451D400AC497F /* Base */ = {isa = PBXFileReference; lastKnownFileType = file.storyboard; name = Base; path = Base.lproj/Main.storyboard; sourceTree = "<group>"; };
		709F5E93232451D600AC497F /* Assets.xcassets */ = {isa = PBXFileReference; lastKnownFileType = folder.assetcatalog; path = Assets.xcassets; sourceTree = "<group>"; };
		709F5E96232451D600AC497F /* Base */ = {isa = PBXFileReference; lastKnownFileType = file.storyboard; name = Base; path = Base.lproj/LaunchScreen.storyboard; sourceTree = "<group>"; };
		709F5E98232451D600AC497F /* Info.plist */ = {isa = PBXFileReference; lastKnownFileType = text.plist.xml; path = Info.plist; sourceTree = "<group>"; };
		709F5EA02324681900AC497F /* ItemCell.swift */ = {isa = PBXFileReference; fileEncoding = 4; lastKnownFileType = sourcecode.swift; path = ItemCell.swift; sourceTree = "<group>"; };
		709F5EA22324698E00AC497F /* Api.swift */ = {isa = PBXFileReference; lastKnownFileType = sourcecode.swift; path = Api.swift; sourceTree = "<group>"; };
		709F5EA423246B0200AC497F /* DetailViewController.swift */ = {isa = PBXFileReference; lastKnownFileType = sourcecode.swift; path = DetailViewController.swift; sourceTree = "<group>"; };
		709F5EA823248C8C00AC497F /* DetailCell.swift */ = {isa = PBXFileReference; fileEncoding = 4; lastKnownFileType = sourcecode.swift; path = DetailCell.swift; sourceTree = "<group>"; };
		709F5EAE2324968700AC497F /* CustomButton.swift */ = {isa = PBXFileReference; lastKnownFileType = sourcecode.swift; path = CustomButton.swift; sourceTree = "<group>"; };
		709F5EB023251EEC00AC497F /* TabBarViewController.swift */ = {isa = PBXFileReference; lastKnownFileType = sourcecode.swift; path = TabBarViewController.swift; sourceTree = "<group>"; };
		709F5EB22325232900AC497F /* UIView+decoration.swift */ = {isa = PBXFileReference; fileEncoding = 4; lastKnownFileType = sourcecode.swift; name = "UIView+decoration.swift"; path = "../../../../../Downloads/Itunes API/Itunes API/Extensions/UIView+decoration.swift"; sourceTree = "<group>"; };
/* End PBXFileReference section */

/* Begin PBXFrameworksBuildPhase section */
		709F5E86232451D400AC497F /* Frameworks */ = {
			isa = PBXFrameworksBuildPhase;
			buildActionMask = 2147483647;
			files = (
			);
			runOnlyForDeploymentPostprocessing = 0;
		};
/* End PBXFrameworksBuildPhase section */

/* Begin PBXGroup section */
		7010D799232539B5006CA639 /* Classes */ = {
			isa = PBXGroup;
			children = (
			);
			path = Classes;
			sourceTree = "<group>";
		};
		7010D79E2325BE15006CA639 /* Images.xcassets */ = {
			isa = PBXGroup;
			children = (
				7010D7AD232721AB006CA639 /* gps.png */,
				7010D7AC232721AB006CA639 /* plus.png */,
				7010D7AB232721AB006CA639 /* worldwide.png */,
			);
			path = Images.xcassets;
			sourceTree = "<group>";
		};
		709F5E80232451D400AC497F = {
			isa = PBXGroup;
			children = (
				709F5E8B232451D400AC497F /* Smart Buys */,
				709F5E8A232451D400AC497F /* Products */,
			);
			sourceTree = "<group>";
		};
		709F5E8A232451D400AC497F /* Products */ = {
			isa = PBXGroup;
			children = (
				709F5E89232451D400AC497F /* Smart Buys.app */,
			);
			name = Products;
			sourceTree = "<group>";
		};
		709F5E8B232451D400AC497F /* Smart Buys */ = {
			isa = PBXGroup;
			children = (
				7010D79E2325BE15006CA639 /* Images.xcassets */,
				709F5EAD2324965F00AC497F /* Extensions */,
				709F5EAC232495E200AC497F /* Cells */,
				709F5EAB232495D300AC497F /* Models */,
				7010D799232539B5006CA639 /* Classes */,
				709F5EAA232495A900AC497F /* Controllers */,
				709F5E8C232451D400AC497F /* AppDelegate.swift */,
				709F5E90232451D400AC497F /* Main.storyboard */,
				709F5E93232451D600AC497F /* Assets.xcassets */,
				709F5E95232451D600AC497F /* LaunchScreen.storyboard */,
				7010D79C2325BDB0006CA639 /* worldwide.svg */,
				709F5E98232451D600AC497F /* Info.plist */,
			);
			path = "Smart Buys";
			sourceTree = "<group>";
		};
		709F5EAA232495A900AC497F /* Controllers */ = {
			isa = PBXGroup;
			children = (
				709F5E8E232451D400AC497F /* ItemsViewController.swift */,
				709F5EA423246B0200AC497F /* DetailViewController.swift */,
				709F5EB023251EEC00AC497F /* TabBarViewController.swift */,
			);
			path = Controllers;
			sourceTree = "<group>";
		};
		709F5EAB232495D300AC497F /* Models */ = {
			isa = PBXGroup;
			children = (
				709F5EA22324698E00AC497F /* Api.swift */,
			);
			path = Models;
			sourceTree = "<group>";
		};
		709F5EAC232495E200AC497F /* Cells */ = {
			isa = PBXGroup;
			children = (
				709F5EA823248C8C00AC497F /* DetailCell.swift */,
				709F5EA02324681900AC497F /* ItemCell.swift */,
			);
			path = Cells;
			sourceTree = "<group>";
		};
		709F5EAD2324965F00AC497F /* Extensions */ = {
			isa = PBXGroup;
			children = (
				709F5EB22325232900AC497F /* UIView+decoration.swift */,
				709F5EAE2324968700AC497F /* CustomButton.swift */,
			);
			path = Extensions;
			sourceTree = "<group>";
		};
/* End PBXGroup section */

/* Begin PBXNativeTarget section */
		709F5E88232451D400AC497F /* Smart Buys */ = {
			isa = PBXNativeTarget;
			buildConfigurationList = 709F5E9B232451D600AC497F /* Build configuration list for PBXNativeTarget "Smart Buys" */;
			buildPhases = (
				709F5E85232451D400AC497F /* Sources */,
				709F5E86232451D400AC497F /* Frameworks */,
				709F5E87232451D400AC497F /* Resources */,
			);
			buildRules = (
			);
			dependencies = (
			);
			name = "Smart Buys";
			productName = "Smart Buys";
			productReference = 709F5E89232451D400AC497F /* Smart Buys.app */;
			productType = "com.apple.product-type.application";
		};
/* End PBXNativeTarget section */

/* Begin PBXProject section */
		709F5E81232451D400AC497F /* Project object */ = {
			isa = PBXProject;
			attributes = {
				LastSwiftUpdateCheck = 1020;
				LastUpgradeCheck = 1020;
				ORGANIZATIONNAME = rugyron;
				TargetAttributes = {
					709F5E88232451D400AC497F = {
						CreatedOnToolsVersion = 10.2.1;
					};
				};
			};
			buildConfigurationList = 709F5E84232451D400AC497F /* Build configuration list for PBXProject "Smart Buys" */;
			compatibilityVersion = "Xcode 9.3";
			developmentRegion = en;
			hasScannedForEncodings = 0;
			knownRegions = (
				en,
				Base,
			);
			mainGroup = 709F5E80232451D400AC497F;
			productRefGroup = 709F5E8A232451D400AC497F /* Products */;
			projectDirPath = "";
			projectRoot = "";
			targets = (
				709F5E88232451D400AC497F /* Smart Buys */,
			);
		};
/* End PBXProject section */

/* Begin PBXResourcesBuildPhase section */
		709F5E87232451D400AC497F /* Resources */ = {
			isa = PBXResourcesBuildPhase;
			buildActionMask = 2147483647;
			files = (
				7010D79D2325BDB0006CA639 /* worldwide.svg in Resources */,
				7010D7AE232721AB006CA639 /* worldwide.png in Resources */,
				709F5E97232451D600AC497F /* LaunchScreen.storyboard in Resources */,
				709F5E94232451D600AC497F /* Assets.xcassets in Resources */,
				709F5E92232451D400AC497F /* Main.storyboard in Resources */,
				7010D7AF232721AB006CA639 /* plus.png in Resources */,
				7010D7B0232721AB006CA639 /* gps.png in Resources */,
			);
			runOnlyForDeploymentPostprocessing = 0;
		};
/* End PBXResourcesBuildPhase section */

/* Begin PBXSourcesBuildPhase section */
		709F5E85232451D400AC497F /* Sources */ = {
			isa = PBXSourcesBuildPhase;
			buildActionMask = 2147483647;
			files = (
				709F5EB123251EEC00AC497F /* TabBarViewController.swift in Sources */,
				709F5E8F232451D400AC497F /* ItemsViewController.swift in Sources */,
				709F5EA12324681900AC497F /* ItemCell.swift in Sources */,
				709F5EA523246B0200AC497F /* DetailViewController.swift in Sources */,
				709F5EA32324698E00AC497F /* Api.swift in Sources */,
				709F5EB32325232900AC497F /* UIView+decoration.swift in Sources */,
				709F5EAF2324968700AC497F /* CustomButton.swift in Sources */,
				709F5EA923248C8C00AC497F /* DetailCell.swift in Sources */,
				709F5E8D232451D400AC497F /* AppDelegate.swift in Sources */,
			);
			runOnlyForDeploymentPostprocessing = 0;
		};
/* End PBXSourcesBuildPhase section */

/* Begin PBXVariantGroup section */
		709F5E90232451D400AC497F /* Main.storyboard */ = {
			isa = PBXVariantGroup;
			children = (
				709F5E91232451D400AC497F /* Base */,
			);
			name = Main.storyboard;
			sourceTree = "<group>";
		};
		709F5E95232451D600AC497F /* LaunchScreen.storyboard */ = {
			isa = PBXVariantGroup;
			children = (
				709F5E96232451D600AC497F /* Base */,
			);
			name = LaunchScreen.storyboard;
			sourceTree = "<group>";
		};
/* End PBXVariantGroup section */

/* Begin XCBuildConfiguration section */
		709F5E99232451D600AC497F /* Debug */ = {
			isa = XCBuildConfiguration;
			buildSettings = {
				ALWAYS_SEARCH_USER_PATHS = NO;
				CLANG_ANALYZER_NONNULL = YES;
				CLANG_ANALYZER_NUMBER_OBJECT_CONVERSION = YES_AGGRESSIVE;
				CLANG_CXX_LANGUAGE_STANDARD = "gnu++14";
				CLANG_CXX_LIBRARY = "libc++";
				CLANG_ENABLE_MODULES = YES;
				CLANG_ENABLE_OBJC_ARC = YES;
				CLANG_ENABLE_OBJC_WEAK = YES;
				CLANG_WARN_BLOCK_CAPTURE_AUTORELEASING = YES;
				CLANG_WARN_BOOL_CONVERSION = YES;
				CLANG_WARN_COMMA = YES;
				CLANG_WARN_CONSTANT_CONVERSION = YES;
				CLANG_WARN_DEPRECATED_OBJC_IMPLEMENTATIONS = YES;
				CLANG_WARN_DIRECT_OBJC_ISA_USAGE = YES_ERROR;
				CLANG_WARN_DOCUMENTATION_COMMENTS = YES;
				CLANG_WARN_EMPTY_BODY = YES;
				CLANG_WARN_ENUM_CONVERSION = YES;
				CLANG_WARN_INFINITE_RECURSION = YES;
				CLANG_WARN_INT_CONVERSION = YES;
				CLANG_WARN_NON_LITERAL_NULL_CONVERSION = YES;
				CLANG_WARN_OBJC_IMPLICIT_RETAIN_SELF = YES;
				CLANG_WARN_OBJC_LITERAL_CONVERSION = YES;
				CLANG_WARN_OBJC_ROOT_CLASS = YES_ERROR;
				CLANG_WARN_RANGE_LOOP_ANALYSIS = YES;
				CLANG_WARN_STRICT_PROTOTYPES = YES;
				CLANG_WARN_SUSPICIOUS_MOVE = YES;
				CLANG_WARN_UNGUARDED_AVAILABILITY = YES_AGGRESSIVE;
				CLANG_WARN_UNREACHABLE_CODE = YES;
				CLANG_WARN__DUPLICATE_METHOD_MATCH = YES;
				CODE_SIGN_IDENTITY = "iPhone Developer";
				COPY_PHASE_STRIP = NO;
				DEBUG_INFORMATION_FORMAT = dwarf;
				ENABLE_STRICT_OBJC_MSGSEND = YES;
				ENABLE_TESTABILITY = YES;
				GCC_C_LANGUAGE_STANDARD = gnu11;
				GCC_DYNAMIC_NO_PIC = NO;
				GCC_NO_COMMON_BLOCKS = YES;
				GCC_OPTIMIZATION_LEVEL = 0;
				GCC_PREPROCESSOR_DEFINITIONS = (
					"DEBUG=1",
					"$(inherited)",
				);
				GCC_WARN_64_TO_32_BIT_CONVERSION = YES;
				GCC_WARN_ABOUT_RETURN_TYPE = YES_ERROR;
				GCC_WARN_UNDECLARED_SELECTOR = YES;
				GCC_WARN_UNINITIALIZED_AUTOS = YES_AGGRESSIVE;
				GCC_WARN_UNUSED_FUNCTION = YES;
				GCC_WARN_UNUSED_VARIABLE = YES;
				IPHONEOS_DEPLOYMENT_TARGET = 12.2;
				MTL_ENABLE_DEBUG_INFO = INCLUDE_SOURCE;
				MTL_FAST_MATH = YES;
				ONLY_ACTIVE_ARCH = YES;
				SDKROOT = iphoneos;
				SWIFT_ACTIVE_COMPILATION_CONDITIONS = DEBUG;
				SWIFT_OPTIMIZATION_LEVEL = "-Onone";
			};
			name = Debug;
		};
		709F5E9A232451D600AC497F /* Release */ = {
			isa = XCBuildConfiguration;
			buildSettings = {
				ALWAYS_SEARCH_USER_PATHS = NO;
				CLANG_ANALYZER_NONNULL = YES;
				CLANG_ANALYZER_NUMBER_OBJECT_CONVERSION = YES_AGGRESSIVE;
				CLANG_CXX_LANGUAGE_STANDARD = "gnu++14";
				CLANG_CXX_LIBRARY = "libc++";
				CLANG_ENABLE_MODULES = YES;
				CLANG_ENABLE_OBJC_ARC = YES;
				CLANG_ENABLE_OBJC_WEAK = YES;
				CLANG_WARN_BLOCK_CAPTURE_AUTORELEASING = YES;
				CLANG_WARN_BOOL_CONVERSION = YES;
				CLANG_WARN_COMMA = YES;
				CLANG_WARN_CONSTANT_CONVERSION = YES;
				CLANG_WARN_DEPRECATED_OBJC_IMPLEMENTATIONS = YES;
				CLANG_WARN_DIRECT_OBJC_ISA_USAGE = YES_ERROR;
				CLANG_WARN_DOCUMENTATION_COMMENTS = YES;
				CLANG_WARN_EMPTY_BODY = YES;
				CLANG_WARN_ENUM_CONVERSION = YES;
				CLANG_WARN_INFINITE_RECURSION = YES;
				CLANG_WARN_INT_CONVERSION = YES;
				CLANG_WARN_NON_LITERAL_NULL_CONVERSION = YES;
				CLANG_WARN_OBJC_IMPLICIT_RETAIN_SELF = YES;
				CLANG_WARN_OBJC_LITERAL_CONVERSION = YES;
				CLANG_WARN_OBJC_ROOT_CLASS = YES_ERROR;
				CLANG_WARN_RANGE_LOOP_ANALYSIS = YES;
				CLANG_WARN_STRICT_PROTOTYPES = YES;
				CLANG_WARN_SUSPICIOUS_MOVE = YES;
				CLANG_WARN_UNGUARDED_AVAILABILITY = YES_AGGRESSIVE;
				CLANG_WARN_UNREACHABLE_CODE = YES;
				CLANG_WARN__DUPLICATE_METHOD_MATCH = YES;
				CODE_SIGN_IDENTITY = "iPhone Developer";
				COPY_PHASE_STRIP = NO;
				DEBUG_INFORMATION_FORMAT = "dwarf-with-dsym";
				ENABLE_NS_ASSERTIONS = NO;
				ENABLE_STRICT_OBJC_MSGSEND = YES;
				GCC_C_LANGUAGE_STANDARD = gnu11;
				GCC_NO_COMMON_BLOCKS = YES;
				GCC_WARN_64_TO_32_BIT_CONVERSION = YES;
				GCC_WARN_ABOUT_RETURN_TYPE = YES_ERROR;
				GCC_WARN_UNDECLARED_SELECTOR = YES;
				GCC_WARN_UNINITIALIZED_AUTOS = YES_AGGRESSIVE;
				GCC_WARN_UNUSED_FUNCTION = YES;
				GCC_WARN_UNUSED_VARIABLE = YES;
				IPHONEOS_DEPLOYMENT_TARGET = 12.2;
				MTL_ENABLE_DEBUG_INFO = NO;
				MTL_FAST_MATH = YES;
				SDKROOT = iphoneos;
				SWIFT_COMPILATION_MODE = wholemodule;
				SWIFT_OPTIMIZATION_LEVEL = "-O";
				VALIDATE_PRODUCT = YES;
			};
			name = Release;
		};
		709F5E9C232451D600AC497F /* Debug */ = {
			isa = XCBuildConfiguration;
			buildSettings = {
				ASSETCATALOG_COMPILER_APPICON_NAME = AppIcon;
				CODE_SIGN_STYLE = Automatic;
				DEVELOPMENT_TEAM = N8VX7T6P4D;
				INFOPLIST_FILE = "Smart Buys/Info.plist";
				IPHONEOS_DEPLOYMENT_TARGET = 12.1.4;
				LD_RUNPATH_SEARCH_PATHS = (
					"$(inherited)",
					"@executable_path/Frameworks",
				);
				PRODUCT_BUNDLE_IDENTIFIER = "com.rugyron.SmartBuys.Smart-Buys";
				PRODUCT_NAME = "$(TARGET_NAME)";
				SWIFT_VERSION = 5.0;
				TARGETED_DEVICE_FAMILY = 1;
			};
			name = Debug;
		};
		709F5E9D232451D600AC497F /* Release */ = {
			isa = XCBuildConfiguration;
			buildSettings = {
				ASSETCATALOG_COMPILER_APPICON_NAME = AppIcon;
				CODE_SIGN_STYLE = Automatic;
				DEVELOPMENT_TEAM = N8VX7T6P4D;
				INFOPLIST_FILE = "Smart Buys/Info.plist";
				IPHONEOS_DEPLOYMENT_TARGET = 12.1.4;
				LD_RUNPATH_SEARCH_PATHS = (
					"$(inherited)",
					"@executable_path/Frameworks",
				);
				PRODUCT_BUNDLE_IDENTIFIER = "com.rugyron.SmartBuys.Smart-Buys";
				PRODUCT_NAME = "$(TARGET_NAME)";
				SWIFT_VERSION = 5.0;
				TARGETED_DEVICE_FAMILY = 1;
			};
			name = Release;
		};
/* End XCBuildConfiguration section */

/* Begin XCConfigurationList section */
		709F5E84232451D400AC497F /* Build configuration list for PBXProject "Smart Buys" */ = {
			isa = XCConfigurationList;
			buildConfigurations = (
				709F5E99232451D600AC497F /* Debug */,
				709F5E9A232451D600AC497F /* Release */,
			);
			defaultConfigurationIsVisible = 0;
			defaultConfigurationName = Release;
		};
		709F5E9B232451D600AC497F /* Build configuration list for PBXNativeTarget "Smart Buys" */ = {
			isa = XCConfigurationList;
			buildConfigurations = (
				709F5E9C232451D600AC497F /* Debug */,
				709F5E9D232451D600AC497F /* Release */,
			);
			defaultConfigurationIsVisible = 0;
			defaultConfigurationName = Release;
		};
/* End XCConfigurationList section */
	};
	rootObject = 709F5E81232451D400AC497F /* Project object */;
}
